github.com/boombuler/barcode v1.0.0 h1:s1TvRnXwL2xJRaccrdcBQMZxq6X7DvsMogtmJeHDdrc=
github.com/boombuler/barcode v1.0.0/go.mod h1:paBWMcWSl3LHKBqUq+rly7CNSldXjb2rDl3JlRe0mD8=
github.com/davecgh/go-spew v1.1.0/go.mod h1:J7Y8YcW2NihsgmVo/mv3lAwl/skON4iLHjSsI+c5H38=
github.com/davecgh/go-spew v1.1.1/go.mod h1:J7Y8YcW2NihsgmVo/mv3lAwl/skON4iLHjSsI+c5H38=
github.com/fxamacker/cbor v1.5.1 h1:XjQWBgdmQyqimslUh5r4tUGmoqzHmBFQOImkWGi2awg=
github.com/fxamacker/cbor v1.5.1/go.mod h1:3aPGItF174ni7dDzd6JZ206H8cmr4GDNBGpPa971zsU=
github.com/fxamacker/cbor/v2 v2.3.0 h1:aM45YGMctNakddNNAezPxDUpv38j44Abh+hifNuqXik=
github.com/fxamacker/cbor/v2 v2.3.0/go.mod h1:TA1xS00nchWmaBnEIxPSE5oHLuJBAVvqrtAnWBwBCVo=
github.com/gojp/goreportcard v0.0.0-20191001233754-41818f5fd295/go.mod h1:/DA2Xpp+OaR3EHafQSnT9SKOfbG2NPQR/qp6Qr8AgIw=
github.com/google/uuid v1.1.1 h1:Gkbcsh/GbpXz7lPftLA3P6TYMwjCLYm83jiFQZF/3gY=
github.com/google/uuid v1.1.1/go.mod h1:TIyPZe4MgqvfeYDBFedMoGGpEw/LqOeaOT+nhxU+yHo=
github.com/hoisie/mustache v0.0.0-20160804235033-6375acf62c69 h1:umaj0TCQ9lWUUKy2DxAhEzPbwd0jnxiw1EI2z3FiILM=
github.com/hoisie/mustache v0.0.0-20160804235033-6375acf62c69/go.mod h1:zdLK9ilQRSMjSeLKoZ4BqUfBT7jswTGF8zRlKEsiRXA=
github.com/johnfercher/maroto v0.33.0 h1:pLnbgX/ZCEnwPNfCbQGE1igy+CJXLcsIeZt/xc0vVoM=
github.com/johnfercher/maroto v0.33.0/go.mod h1:z/5eo/hH1g+01K4Mm0IVVbixHibtaNbZ9vHf+2H6fpM=
github.com/jung-kurt/gofpdf v1.0.0/go.mod h1:7Id9E/uU8ce6rXgefFLlgrJj/GYY22cpxn+r32jIOes=
github.com/jung-kurt/gofpdf v1.4.2 h1:3u2ojTwxPPu3ysIOc5iTwcECpvkFCAe2RJ/tQrvfLi0=
github.com/jung-kurt/gofpdf v1.4.2/go.mod h1:rZsO0wEsunjT/L9stF3fJjYbAHgqNYuQB4B8FWvBck0=
github.com/liyue201/goqr v0.0.0-20200803022322-df443203d4ea h1:uyJ13zfy6l79CM3HnVhDalIyZ4RJAyVfDrbnfFeJoC4=
github.com/liyue201/goqr v0.0.0-20200803022322-df443203d4ea/go.mod h1:w4pGU9PkiX2hAWyF0yuHEHmYTQFAd6WHzp6+IY7JVjE=
github.com/makiuchi-d/gozxing v0.0.2 h1:TGSCQRXd9QL1ze1G1JE9sZBMEr6/HLx7m5ADlLUgq7E=
github.com/makiuchi-d/gozxing v0.0.2/go.mod h1:Tt5nF+kNliU+5MDxqPpsFrtsWNdABQho/xdCZZVKCQc=
github.com/pkg/errors v0.8.1/go.mod h1:bwawxfHBFNV+L2hUp1rHADufV3IMtnDRdf1r5NINEl0=
github.com/pmezard/go-difflib v1.0.0/go.mod h1:iKH77koFhYxTK1pcRnkKkqfTogsbg7gZNVY4sRDYZ/4=
github.com/ruudk/golang-pdf417 v0.0.0-20181029194003-1af4ab5afa58 h1:nlG4Wa5+minh3S9LVFtNoY+GVRiudA2e3EVfcCi3RCA=
github.com/ruudk/golang-pdf417 v0.0.0-20181029194003-1af4ab5afa58/go.mod h1:6lfFZQK844Gfx8o5WFuvpxWRwnSoipWe/p622j1v06w=
github.com/stretchr/objx v0.1.0/go.mod h1:HFkY916IF+rwdDfMAkV7OtwuqBVzrE8GR6GFx+wExME=
github.com/stretchr/objx v0.2.0/go.mod h1:qt09Ya8vawLte6SNmTgCsAVtYtaKzEcn8ATUoHMkEqE=
github.com/stretchr/testify v1.2.2/go.mod h1:a8OnRcib4nhh0OaRAV+Yts87kKdq0PP7pXfy6kDkUVs=
github.com/stretchr/testify v1.3.0/go.mod h1:M5WIy9Dh21IEIfnGCwXGc5bZfKNJtfHm1UVUgZn+9EI=
github.com/stretchr/testify v1.4.0/go.mod h1:j7eGeouHqKxXV5pUuKE4zz7dFj8WfuZ+81PSLYec5m4=
github.com/x448/float16 v0.8.4 h1:qLwI1I70+NjRFUR3zs1JPUCgaCXSh3SW62uAKT1mSBM=
github.com/x448/float16 v0.8.4/go.mod h1:14CWIYCyZA/cWjXOioeEpHeN/83MdbZDRQHoFcYsOfg=
golang.org/x/image v0.0.0-20190507092727-e4e5bf290fec/go.mod h1:kZ7UVZpmo3dzQBMxlp+ypCbDeSB+sBbTgSJuh5dn5js=
golang.org/x/text v0.3.0/go.mod h1:NqM8EUOU14njkJ3fqMW+pc6Ldnwhi/IjpwHt7yyuwOQ=
golang.org/x/text v0.3.5 h1:i6eZZ+zk0SOf0xgBpEpPD18qWcJda6q1sxt3S0kzyUQ=
golang.org/x/text v0.3.5/go.mod h1:5Zoc/QRtKVWzQhOtBMvqHzDpF6irO9z98xDceosuGiQ=
golang.org/x/text v0.3.6 h1:aRYxNxv6iGQlyVaZmk6ZgYEDa+Jg18DxebPSrd6bg1M=
golang.org/x/text v0.3.6/go.mod h1:5Zoc/QRtKVWzQhOtBMvqHzDpF6irO9z98xDceosuGiQ=
golang.org/x/tools v0.0.0-20180917221912-90fa682c2a6e/go.mod h1:n7NCudcB/nEzxVGmLbDWY5pfWTLqBcC2KZ6jyYvM4mQ=
golang.org/x/xerrors v0.0.0-20200804184101-5ec99f83aff1 h1:go1bK/D/BFZV2I8cIQd1NKEZ+0owSTG1fDTci4IqFcE=
golang.org/x/xerrors v0.0.0-20200804184101-5ec99f83aff1/go.mod h1:I/5z698sn9Ka8TeJc9MKroUUfqBBauWjQqLJ2OPfmY0=
gopkg.in/check.v1 v0.0.0-20161208181325-20d25e280405/go.mod h1:Co6ibVJAznAaIkqp8huTwlJQCZ016jof/cbN4VW5Yz0=
gopkg.in/yaml.v2 v2.2.2/go.mod h1:hI93XBmqTisBFMUTm0b8Fm+jr3Dg1NNxqwp+5A1VGuI=
